
Microsoft Visual Studio Solution File, Format Version 12.00
# Visual Studio 15
Project("{FAE04EC0-301F-11D3-BF4B-00C04F79EFBC}") = "BYSCORE.UI", "BYSCORE.UI\BYSCORE.UI.csproj", "{869D5CD3-8977-4A0A-B612-F24248EE404A}"
EndProject
Project("{FAE04EC0-301F-11D3-BF4B-00C04F79EFBC}") = "BYSCORE.API", "BYSCORE.API\BYSCORE.API.csproj", "{ED64F969-0DFF-4257-9D82-CEBB02DEE69F}"
EndProject
Project("{FAE04EC0-301F-11D3-BF4B-00C04F79EFBC}") = "BYSCORE.Dao", "BYSCORE.Dao\BYSCORE.Dao.csproj", "{351D08C0-5647-4D02-AE74-4051402EA048}"
EndProject
Project("{FAE04EC0-301F-11D3-BF4B-00C04F79EFBC}") = "BYSCORE.Entity", "BYSCORE.Entity\BYSCORE.Entity.csproj", "{94EC4974-39A0-40A2-BCDF-1A929059157E}"
EndProject
Project("{FAE04EC0-301F-11D3-BF4B-00C04F79EFBC}") = "BYSCORE.Common", "BYSCORE.Common\BYSCORE.Common.csproj", "{110293AF-287B-4D8D-B852-C10F3C162B09}"
EndProject
Global
	GlobalSection(SolutionConfigurationPlatforms) = preSolution
		Debug|Any CPU = Debug|Any CPU
		Release|Any CPU = Release|Any CPU
	EndGlobalSection
	GlobalSection(ProjectConfigurationPlatforms) = postSolution
		{869D5CD3-8977-4A0A-B612-F24248EE404A}.Debug|Any CPU.ActiveCfg = Debug|Any CPU
		{869D5CD3-8977-4A0A-B612-F24248EE404A}.Debug|Any CPU.Build.0 = Debug|Any CPU
		{869D5CD3-8977-4A0A-B612-F24248EE404A}.Release|Any CPU.ActiveCfg = Release|Any CPU
		{869D5CD3-8977-4A0A-B612-F24248EE404A}.Release|Any CPU.Build.0 = Release|Any CPU
		{ED64F969-0DFF-4257-9D82-CEBB02DEE69F}.Debug|Any CPU.ActiveCfg = Debug|Any CPU
		{ED64F969-0DFF-4257-9D82-CEBB02DEE69F}.Debug|Any CPU.Build.0 = Debug|Any CPU
		{ED64F969-0DFF-4257-9D82-CEBB02DEE69F}.Release|Any CPU.ActiveCfg = Release|Any CPU
		{ED64F969-0DFF-4257-9D82-CEBB02DEE69F}.Release|Any CPU.Build.0 = Release|Any CPU
		{351D08C0-5647-4D02-AE74-4051402EA048}.Debug|Any CPU.ActiveCfg = Debug|Any CPU
		{351D08C0-5647-4D02-AE74-4051402EA048}.Debug|Any CPU.Build.0 = Debug|Any CPU
		{351D08C0-5647-4D02-AE74-4051402EA048}.Release|Any CPU.ActiveCfg = Release|Any CPU
		{351D08C0-5647-4D02-AE74-4051402EA048}.Release|Any CPU.Build.0 = Release|Any CPU
		{94EC4974-39A0-40A2-BCDF-1A929059157E}.Debug|Any CPU.ActiveCfg = Debug|Any CPU
		{94EC4974-39A0-40A2-BCDF-1A929059157E}.Debug|Any CPU.Build.0 = Debug|Any CPU
		{94EC4974-39A0-40A2-BCDF-1A929059157E}.Release|Any CPU.ActiveCfg = Release|Any CPU
		{94EC4974-39A0-40A2-BCDF-1A929059157E}.Release|Any CPU.Build.0 = Release|Any CPU
		{110293AF-287B-4D8D-B852-C10F3C162B09}.Debug|Any CPU.ActiveCfg = Debug|Any CPU
		{110293AF-287B-4D8D-B852-C10F3C162B09}.Debug|Any CPU.Build.0 = Debug|Any CPU
		{110293AF-287B-4D8D-B852-C10F3C162B09}.Release|Any CPU.ActiveCfg = Release|Any CPU
		{110293AF-287B-4D8D-B852-C10F3C162B09}.Release|Any CPU.Build.0 = Release|Any CPU
	EndGlobalSection
EndGlobal
